github.com/baechul/golang v0.0.1 h1:BV957+I32w19Ye6gIYbv4WGrNfKlQebOvqXFWdb5m/I=
github.com/baechul/golang v0.0.1/go.mod h1:4tac3u9FbcCWL4CO5bAKdcXiv52U3Xgsh6U7av4NaGw=
github.com/baechul/golang v0.0.2 h1:LWXmcAomgczEiKbcGaWwXqZPN0Q03RLu4ZTwouNfDCQ=
github.com/baechul/golang v0.0.2/go.mod h1:4tac3u9FbcCWL4CO5bAKdcXiv52U3Xgsh6U7av4NaGw=
github.com/baechul/golang v1.0.0 h1:a1O8IVdX3x6cU3Mdqxwp+26nOWMpv8wLxGCSBngsvnk=
github.com/baechul/golang v1.0.0/go.mod h1:4tac3u9FbcCWL4CO5bAKdcXiv52U3Xgsh6U7av4NaGw=
github.com/baechul/golang v1.0.1 h1:N5GtFtW7GUFzjCXMRL+G2a2Tc04vhMNfFqdPNmBKzPk=
github.com/baechul/golang v1.0.1/go.mod h1:4tac3u9FbcCWL4CO5bAKdcXiv52U3Xgsh6U7av4NaGw=
github.com/baechul/golang/v2 v2.0.0 h1:QDVqbRKNWIQH+iRTJEURnBnvj/6bqZXE0R9ZsUWFD4M=
github.com/baechul/golang/v2 v2.0.0/go.mod h1:X5LxUeaVSiSReqo6X52WN8Wl0aRhX5tCUnczjHuZEzY=
